// !$*UTF8*$!
{
	archiveVersion = 1;
	classes = {
	};
	objectVersion = 56;
	objects = {

/* Begin PBXBuildFile section */
		14A6C5332A120E6300B10F76 /* AppDelegate.swift in Sources */ = {isa = PBXBuildFile; fileRef = 14A6C5322A120E6300B10F76 /* AppDelegate.swift */; };
		14A6C5352A120E6300B10F76 /* SceneDelegate.swift in Sources */ = {isa = PBXBuildFile; fileRef = 14A6C5342A120E6300B10F76 /* SceneDelegate.swift */; };
		14A6C53C2A120E6500B10F76 /* Assets.xcassets in Resources */ = {isa = PBXBuildFile; fileRef = 14A6C53B2A120E6500B10F76 /* Assets.xcassets */; };
		14A6C53F2A120E6500B10F76 /* LaunchScreen.storyboard in Resources */ = {isa = PBXBuildFile; fileRef = 14A6C53D2A120E6500B10F76 /* LaunchScreen.storyboard */; };
		14A6C5542A120E6500B10F76 /* BrowserPrototypeUITests.swift in Sources */ = {isa = PBXBuildFile; fileRef = 14A6C5532A120E6500B10F76 /* BrowserPrototypeUITests.swift */; };
		14A6C5562A120E6500B10F76 /* BrowserPrototypeUITestsLaunchTests.swift in Sources */ = {isa = PBXBuildFile; fileRef = 14A6C5552A120E6500B10F76 /* BrowserPrototypeUITestsLaunchTests.swift */; };
		14A6C5652A12103300B10F76 /* SnapKit in Frameworks */ = {isa = PBXBuildFile; productRef = 14A6C5642A12103300B10F76 /* SnapKit */; };
		14A6C5712A1210E600B10F76 /* HomeViewController.swift in Sources */ = {isa = PBXBuildFile; fileRef = 14A6C5702A1210E600B10F76 /* HomeViewController.swift */; };
		14A6C5792A12119400B10F76 /* Collection+index.swift in Sources */ = {isa = PBXBuildFile; fileRef = 14A6C5762A12119000B10F76 /* Collection+index.swift */; };
		14A6C57A2A12127700B10F76 /* Publisher+Extension.swift in Sources */ = {isa = PBXBuildFile; fileRef = 14A6C5732A12119000B10F76 /* Publisher+Extension.swift */; };
		14A6C57B2A12127A00B10F76 /* UIColor+Extension.swift in Sources */ = {isa = PBXBuildFile; fileRef = 14A6C5782A12119000B10F76 /* UIColor+Extension.swift */; };
		14A6C57C2A12127C00B10F76 /* UIControl+Combine.swift in Sources */ = {isa = PBXBuildFile; fileRef = 14A6C5752A12119000B10F76 /* UIControl+Combine.swift */; };
		14A6C57D2A12127F00B10F76 /* UITextField+Publisher.swift in Sources */ = {isa = PBXBuildFile; fileRef = 14A6C5742A12119000B10F76 /* UITextField+Publisher.swift */; };
		14A6C57E2A12128200B10F76 /* UIView+Extension.swift in Sources */ = {isa = PBXBuildFile; fileRef = 14A6C5772A12119000B10F76 /* UIView+Extension.swift */; };
		14A6C5822A1212C800B10F76 /* NavigationBarView.swift in Sources */ = {isa = PBXBuildFile; fileRef = 14A6C5812A1212C800B10F76 /* NavigationBarView.swift */; };
		14A6C5842A1212CF00B10F76 /* NavigationBarView.xib in Resources */ = {isa = PBXBuildFile; fileRef = 14A6C5832A1212CF00B10F76 /* NavigationBarView.xib */; };
		14A6C5862A12130B00B10F76 /* ViewControllerProvider.swift in Sources */ = {isa = PBXBuildFile; fileRef = 14A6C5852A12130B00B10F76 /* ViewControllerProvider.swift */; };
		14A6C58A2A12133400B10F76 /* Coordinating.swift in Sources */ = {isa = PBXBuildFile; fileRef = 14A6C5882A12133400B10F76 /* Coordinating.swift */; };
		14A6C58B2A12133400B10F76 /* MainCoordinator.swift in Sources */ = {isa = PBXBuildFile; fileRef = 14A6C5892A12133400B10F76 /* MainCoordinator.swift */; };
		14A6C58D2A1213AA00B10F76 /* Constants.swift in Sources */ = {isa = PBXBuildFile; fileRef = 14A6C58C2A1213AA00B10F76 /* Constants.swift */; };
		14A6C58F2A1213D100B10F76 /* HomeViewModel.swift in Sources */ = {isa = PBXBuildFile; fileRef = 14A6C58E2A1213D100B10F76 /* HomeViewModel.swift */; };
		14A6C5922A12140300B10F76 /* HomeInputs.swift in Sources */ = {isa = PBXBuildFile; fileRef = 14A6C5912A1213EE00B10F76 /* HomeInputs.swift */; };
		14A6C5932A12140700B10F76 /* HomeBusinessRules.swift in Sources */ = {isa = PBXBuildFile; fileRef = 14A6C5902A1213EE00B10F76 /* HomeBusinessRules.swift */; };
		14A6C5962A12142300B10F76 /* ReachabilityManager.swift in Sources */ = {isa = PBXBuildFile; fileRef = 14A6C5952A12142300B10F76 /* ReachabilityManager.swift */; };
		14A6C5992A1214F200B10F76 /* HistoryViewController.swift in Sources */ = {isa = PBXBuildFile; fileRef = 14A6C5982A1214F200B10F76 /* HistoryViewController.swift */; };
		14A6C59B2A12181A00B10F76 /* HomeHeaderView.swift in Sources */ = {isa = PBXBuildFile; fileRef = 14A6C59A2A12181A00B10F76 /* HomeHeaderView.swift */; };
		14A6C59D2A12182200B10F76 /* HomeHeaderView.xib in Resources */ = {isa = PBXBuildFile; fileRef = 14A6C59C2A12182200B10F76 /* HomeHeaderView.xib */; };
		14A6C59F2A12192700B10F76 /* UITableView+Extension.swift in Sources */ = {isa = PBXBuildFile; fileRef = 14A6C59E2A12192700B10F76 /* UITableView+Extension.swift */; };
		14A6C5A12A1219AF00B10F76 /* SQLiteHistoryManager.swift in Sources */ = {isa = PBXBuildFile; fileRef = 14A6C5A02A1219AF00B10F76 /* SQLiteHistoryManager.swift */; };
		14A6C5A42A1219EC00B10F76 /* SQLite in Frameworks */ = {isa = PBXBuildFile; productRef = 14A6C5A32A1219EC00B10F76 /* SQLite */; };
		14A6C5A92A121A6200B10F76 /* HistoryViewModel.swift in Sources */ = {isa = PBXBuildFile; fileRef = 14A6C5A82A121A6200B10F76 /* HistoryViewModel.swift */; };
		14A6C5AB2A121A7900B10F76 /* HistoryInputs.swift in Sources */ = {isa = PBXBuildFile; fileRef = 14A6C5AA2A121A7900B10F76 /* HistoryInputs.swift */; };
		14A6C5AD2A121A9300B10F76 /* HistoryModel.swift in Sources */ = {isa = PBXBuildFile; fileRef = 14A6C5AC2A121A9300B10F76 /* HistoryModel.swift */; };
		14A6C5B02A121AC800B10F76 /* EpmtyHistoryView.swift in Sources */ = {isa = PBXBuildFile; fileRef = 14A6C5AF2A121AC800B10F76 /* EpmtyHistoryView.swift */; };
		14A6C5B22A121ACD00B10F76 /* EpmtyHistoryView.xib in Resources */ = {isa = PBXBuildFile; fileRef = 14A6C5B12A121ACD00B10F76 /* EpmtyHistoryView.xib */; };
		14A6C5B62A121B1400B10F76 /* HistoryTableViewCell.swift in Sources */ = {isa = PBXBuildFile; fileRef = 14A6C5B42A121B1400B10F76 /* HistoryTableViewCell.swift */; };
		14A6C5B72A121B1400B10F76 /* HistoryTableViewCell.xib in Resources */ = {isa = PBXBuildFile; fileRef = 14A6C5B52A121B1400B10F76 /* HistoryTableViewCell.xib */; };
		14A6C5C72A12273800B10F76 /* BaseMockService.swift in Sources */ = {isa = PBXBuildFile; fileRef = 14A6C5C52A12273800B10F76 /* BaseMockService.swift */; };
		14A6C5C82A12273800B10F76 /* MockHistoryListService.swift in Sources */ = {isa = PBXBuildFile; fileRef = 14A6C5C62A12273800B10F76 /* MockHistoryListService.swift */; };
		14A6C5CC2A12276000B10F76 /* HistoryListFactory.swift in Sources */ = {isa = PBXBuildFile; fileRef = 14A6C5CB2A12275A00B10F76 /* HistoryListFactory.swift */; };
		14A6C5CD2A12276400B10F76 /* HistoryModelFactory.swift in Sources */ = {isa = PBXBuildFile; fileRef = 14A6C5CA2A12275A00B10F76 /* HistoryModelFactory.swift */; };
		14A6C5D12A122AEB00B10F76 /* HistoryViewModelTests.swift in Sources */ = {isa = PBXBuildFile; fileRef = 14A6C5CF2A1227D200B10F76 /* HistoryViewModelTests.swift */; };
		14A6C5D62A122DB300B10F76 /* HomeBusinessRulesTests.swift in Sources */ = {isa = PBXBuildFile; fileRef = 14A6C5D52A122DB300B10F76 /* HomeBusinessRulesTests.swift */; };
		14A6C5D82A12311000B10F76 /* HistoryBusinessRules.swift in Sources */ = {isa = PBXBuildFile; fileRef = 14A6C5D72A12311000B10F76 /* HistoryBusinessRules.swift */; };
		14A6C5DA2A12342400B10F76 /* HomeViewModelTests.swift in Sources */ = {isa = PBXBuildFile; fileRef = 14A6C5D92A12342400B10F76 /* HomeViewModelTests.swift */; };
/* End PBXBuildFile section */

/* Begin PBXContainerItemProxy section */
		14A6C5462A120E6500B10F76 /* PBXContainerItemProxy */ = {
			isa = PBXContainerItemProxy;
			containerPortal = 14A6C5272A120E6300B10F76 /* Project object */;
			proxyType = 1;
			remoteGlobalIDString = 14A6C52E2A120E6300B10F76;
			remoteInfo = BrowserPrototype;
		};
		14A6C5502A120E6500B10F76 /* PBXContainerItemProxy */ = {
			isa = PBXContainerItemProxy;
			containerPortal = 14A6C5272A120E6300B10F76 /* Project object */;
			proxyType = 1;
			remoteGlobalIDString = 14A6C52E2A120E6300B10F76;
			remoteInfo = BrowserPrototype;
		};
/* End PBXContainerItemProxy section */

/* Begin PBXFileReference section */
		14A6C52F2A120E6300B10F76 /* BrowserPrototype.app */ = {isa = PBXFileReference; explicitFileType = wrapper.application; includeInIndex = 0; path = BrowserPrototype.app; sourceTree = BUILT_PRODUCTS_DIR; };
		14A6C5322A120E6300B10F76 /* AppDelegate.swift */ = {isa = PBXFileReference; lastKnownFileType = sourcecode.swift; path = AppDelegate.swift; sourceTree = "<group>"; };
		14A6C5342A120E6300B10F76 /* SceneDelegate.swift */ = {isa = PBXFileReference; lastKnownFileType = sourcecode.swift; path = SceneDelegate.swift; sourceTree = "<group>"; };
		14A6C53B2A120E6500B10F76 /* Assets.xcassets */ = {isa = PBXFileReference; lastKnownFileType = folder.assetcatalog; path = Assets.xcassets; sourceTree = "<group>"; };
		14A6C53E2A120E6500B10F76 /* Base */ = {isa = PBXFileReference; lastKnownFileType = file.storyboard; name = Base; path = Base.lproj/LaunchScreen.storyboard; sourceTree = "<group>"; };
		14A6C5402A120E6500B10F76 /* Info.plist */ = {isa = PBXFileReference; lastKnownFileType = text.plist.xml; path = Info.plist; sourceTree = "<group>"; };
		14A6C5452A120E6500B10F76 /* BrowserPrototypeTests.xctest */ = {isa = PBXFileReference; explicitFileType = wrapper.cfbundle; includeInIndex = 0; path = BrowserPrototypeTests.xctest; sourceTree = BUILT_PRODUCTS_DIR; };
		14A6C54F2A120E6500B10F76 /* BrowserPrototypeUITests.xctest */ = {isa = PBXFileReference; explicitFileType = wrapper.cfbundle; includeInIndex = 0; path = BrowserPrototypeUITests.xctest; sourceTree = BUILT_PRODUCTS_DIR; };
		14A6C5532A120E6500B10F76 /* BrowserPrototypeUITests.swift */ = {isa = PBXFileReference; lastKnownFileType = sourcecode.swift; path = BrowserPrototypeUITests.swift; sourceTree = "<group>"; };
		14A6C5552A120E6500B10F76 /* BrowserPrototypeUITestsLaunchTests.swift */ = {isa = PBXFileReference; lastKnownFileType = sourcecode.swift; path = BrowserPrototypeUITestsLaunchTests.swift; sourceTree = "<group>"; };
		14A6C5702A1210E600B10F76 /* HomeViewController.swift */ = {isa = PBXFileReference; lastKnownFileType = sourcecode.swift; path = HomeViewController.swift; sourceTree = "<group>"; };
		14A6C5732A12119000B10F76 /* Publisher+Extension.swift */ = {isa = PBXFileReference; lastKnownFileType = sourcecode.swift; path = "Publisher+Extension.swift"; sourceTree = "<group>"; };
		14A6C5742A12119000B10F76 /* UITextField+Publisher.swift */ = {isa = PBXFileReference; lastKnownFileType = sourcecode.swift; path = "UITextField+Publisher.swift"; sourceTree = "<group>"; };
		14A6C5752A12119000B10F76 /* UIControl+Combine.swift */ = {isa = PBXFileReference; lastKnownFileType = sourcecode.swift; path = "UIControl+Combine.swift"; sourceTree = "<group>"; };
		14A6C5762A12119000B10F76 /* Collection+index.swift */ = {isa = PBXFileReference; lastKnownFileType = sourcecode.swift; path = "Collection+index.swift"; sourceTree = "<group>"; };
		14A6C5772A12119000B10F76 /* UIView+Extension.swift */ = {isa = PBXFileReference; lastKnownFileType = sourcecode.swift; path = "UIView+Extension.swift"; sourceTree = "<group>"; };
		14A6C5782A12119000B10F76 /* UIColor+Extension.swift */ = {isa = PBXFileReference; lastKnownFileType = sourcecode.swift; path = "UIColor+Extension.swift"; sourceTree = "<group>"; };
		14A6C5812A1212C800B10F76 /* NavigationBarView.swift */ = {isa = PBXFileReference; lastKnownFileType = sourcecode.swift; path = NavigationBarView.swift; sourceTree = "<group>"; };
		14A6C5832A1212CF00B10F76 /* NavigationBarView.xib */ = {isa = PBXFileReference; lastKnownFileType = file.xib; path = NavigationBarView.xib; sourceTree = "<group>"; };
		14A6C5852A12130B00B10F76 /* ViewControllerProvider.swift */ = {isa = PBXFileReference; lastKnownFileType = sourcecode.swift; path = ViewControllerProvider.swift; sourceTree = "<group>"; };
		14A6C5882A12133400B10F76 /* Coordinating.swift */ = {isa = PBXFileReference; fileEncoding = 4; lastKnownFileType = sourcecode.swift; path = Coordinating.swift; sourceTree = "<group>"; };
		14A6C5892A12133400B10F76 /* MainCoordinator.swift */ = {isa = PBXFileReference; fileEncoding = 4; lastKnownFileType = sourcecode.swift; path = MainCoordinator.swift; sourceTree = "<group>"; };
		14A6C58C2A1213AA00B10F76 /* Constants.swift */ = {isa = PBXFileReference; lastKnownFileType = sourcecode.swift; path = Constants.swift; sourceTree = "<group>"; };
		14A6C58E2A1213D100B10F76 /* HomeViewModel.swift */ = {isa = PBXFileReference; lastKnownFileType = sourcecode.swift; path = HomeViewModel.swift; sourceTree = "<group>"; };
		14A6C5902A1213EE00B10F76 /* HomeBusinessRules.swift */ = {isa = PBXFileReference; lastKnownFileType = sourcecode.swift; path = HomeBusinessRules.swift; sourceTree = "<group>"; };
		14A6C5912A1213EE00B10F76 /* HomeInputs.swift */ = {isa = PBXFileReference; lastKnownFileType = sourcecode.swift; path = HomeInputs.swift; sourceTree = "<group>"; };
		14A6C5952A12142300B10F76 /* ReachabilityManager.swift */ = {isa = PBXFileReference; lastKnownFileType = sourcecode.swift; path = ReachabilityManager.swift; sourceTree = "<group>"; };
		14A6C5982A1214F200B10F76 /* HistoryViewController.swift */ = {isa = PBXFileReference; lastKnownFileType = sourcecode.swift; path = HistoryViewController.swift; sourceTree = "<group>"; };
		14A6C59A2A12181A00B10F76 /* HomeHeaderView.swift */ = {isa = PBXFileReference; lastKnownFileType = sourcecode.swift; path = HomeHeaderView.swift; sourceTree = "<group>"; };
		14A6C59C2A12182200B10F76 /* HomeHeaderView.xib */ = {isa = PBXFileReference; lastKnownFileType = file.xib; path = HomeHeaderView.xib; sourceTree = "<group>"; };
		14A6C59E2A12192700B10F76 /* UITableView+Extension.swift */ = {isa = PBXFileReference; lastKnownFileType = sourcecode.swift; path = "UITableView+Extension.swift"; sourceTree = "<group>"; };
		14A6C5A02A1219AF00B10F76 /* SQLiteHistoryManager.swift */ = {isa = PBXFileReference; lastKnownFileType = sourcecode.swift; path = SQLiteHistoryManager.swift; sourceTree = "<group>"; };
		14A6C5A82A121A6200B10F76 /* HistoryViewModel.swift */ = {isa = PBXFileReference; lastKnownFileType = sourcecode.swift; path = HistoryViewModel.swift; sourceTree = "<group>"; };
		14A6C5AA2A121A7900B10F76 /* HistoryInputs.swift */ = {isa = PBXFileReference; lastKnownFileType = sourcecode.swift; path = HistoryInputs.swift; sourceTree = "<group>"; };
		14A6C5AC2A121A9300B10F76 /* HistoryModel.swift */ = {isa = PBXFileReference; lastKnownFileType = sourcecode.swift; path = HistoryModel.swift; sourceTree = "<group>"; };
		14A6C5AF2A121AC800B10F76 /* EpmtyHistoryView.swift */ = {isa = PBXFileReference; lastKnownFileType = sourcecode.swift; path = EpmtyHistoryView.swift; sourceTree = "<group>"; };
		14A6C5B12A121ACD00B10F76 /* EpmtyHistoryView.xib */ = {isa = PBXFileReference; lastKnownFileType = file.xib; path = EpmtyHistoryView.xib; sourceTree = "<group>"; };
		14A6C5B42A121B1400B10F76 /* HistoryTableViewCell.swift */ = {isa = PBXFileReference; lastKnownFileType = sourcecode.swift; path = HistoryTableViewCell.swift; sourceTree = "<group>"; };
		14A6C5B52A121B1400B10F76 /* HistoryTableViewCell.xib */ = {isa = PBXFileReference; lastKnownFileType = file.xib; path = HistoryTableViewCell.xib; sourceTree = "<group>"; };
		14A6C5C52A12273800B10F76 /* BaseMockService.swift */ = {isa = PBXFileReference; fileEncoding = 4; lastKnownFileType = sourcecode.swift; path = BaseMockService.swift; sourceTree = "<group>"; };
		14A6C5C62A12273800B10F76 /* MockHistoryListService.swift */ = {isa = PBXFileReference; fileEncoding = 4; lastKnownFileType = sourcecode.swift; path = MockHistoryListService.swift; sourceTree = "<group>"; };
		14A6C5CA2A12275A00B10F76 /* HistoryModelFactory.swift */ = {isa = PBXFileReference; lastKnownFileType = sourcecode.swift; path = HistoryModelFactory.swift; sourceTree = "<group>"; };
		14A6C5CB2A12275A00B10F76 /* HistoryListFactory.swift */ = {isa = PBXFileReference; lastKnownFileType = sourcecode.swift; path = HistoryListFactory.swift; sourceTree = "<group>"; };
		14A6C5CF2A1227D200B10F76 /* HistoryViewModelTests.swift */ = {isa = PBXFileReference; lastKnownFileType = sourcecode.swift; path = HistoryViewModelTests.swift; sourceTree = "<group>"; };
		14A6C5D52A122DB300B10F76 /* HomeBusinessRulesTests.swift */ = {isa = PBXFileReference; lastKnownFileType = sourcecode.swift; path = HomeBusinessRulesTests.swift; sourceTree = "<group>"; };
		14A6C5D72A12311000B10F76 /* HistoryBusinessRules.swift */ = {isa = PBXFileReference; lastKnownFileType = sourcecode.swift; path = HistoryBusinessRules.swift; sourceTree = "<group>"; };
		14A6C5D92A12342400B10F76 /* HomeViewModelTests.swift */ = {isa = PBXFileReference; lastKnownFileType = sourcecode.swift; path = HomeViewModelTests.swift; sourceTree = "<group>"; };
/* End PBXFileReference section */

/* Begin PBXFrameworksBuildPhase section */
		14A6C52C2A120E6300B10F76 /* Frameworks */ = {
			isa = PBXFrameworksBuildPhase;
			buildActionMask = 2147483647;
			files = (
				14A6C5A42A1219EC00B10F76 /* SQLite in Frameworks */,
				14A6C5652A12103300B10F76 /* SnapKit in Frameworks */,
			);
			runOnlyForDeploymentPostprocessing = 0;
		};
		14A6C5422A120E6500B10F76 /* Frameworks */ = {
			isa = PBXFrameworksBuildPhase;
			buildActionMask = 2147483647;
			files = (
			);
			runOnlyForDeploymentPostprocessing = 0;
		};
		14A6C54C2A120E6500B10F76 /* Frameworks */ = {
			isa = PBXFrameworksBuildPhase;
			buildActionMask = 2147483647;
			files = (
			);
			runOnlyForDeploymentPostprocessing = 0;
		};
/* End PBXFrameworksBuildPhase section */

/* Begin PBXGroup section */
		14A6C5262A120E6300B10F76 = {
			isa = PBXGroup;
			children = (
				14A6C5312A120E6300B10F76 /* BrowserPrototype */,
				14A6C5482A120E6500B10F76 /* BrowserPrototypeTests */,
				14A6C5522A120E6500B10F76 /* BrowserPrototypeUITests */,
				14A6C5302A120E6300B10F76 /* Products */,
			);
			sourceTree = "<group>";
		};
		14A6C5302A120E6300B10F76 /* Products */ = {
			isa = PBXGroup;
			children = (
				14A6C52F2A120E6300B10F76 /* BrowserPrototype.app */,
				14A6C5452A120E6500B10F76 /* BrowserPrototypeTests.xctest */,
				14A6C54F2A120E6500B10F76 /* BrowserPrototypeUITests.xctest */,
			);
			name = Products;
			sourceTree = "<group>";
		};
		14A6C5312A120E6300B10F76 /* BrowserPrototype */ = {
			isa = PBXGroup;
			children = (
				14A6C5622A120F4400B10F76 /* BundleFiles */,
				14A6C57F2A1212B200B10F76 /* Base */,
				14A6C5872A12132700B10F76 /* Coordinator */,
				14A6C5942A12141100B10F76 /* Manager */,
				14A6C5722A12116700B10F76 /* Extension */,
				14A6C5662A12105600B10F76 /* Screen */,
			);
			path = BrowserPrototype;
			sourceTree = "<group>";
		};
		14A6C5482A120E6500B10F76 /* BrowserPrototypeTests */ = {
			isa = PBXGroup;
			children = (
				14A6C5C92A12275100B10F76 /* MockFactory */,
				14A6C5C42A12272800B10F76 /* MockService */,
				14A6C5D42A122D9C00B10F76 /* HomeTests */,
				14A6C5CE2A12277400B10F76 /* HistoryListTests */,
			);
			path = BrowserPrototypeTests;
			sourceTree = "<group>";
		};
		14A6C5522A120E6500B10F76 /* BrowserPrototypeUITests */ = {
			isa = PBXGroup;
			children = (
				14A6C5532A120E6500B10F76 /* BrowserPrototypeUITests.swift */,
				14A6C5552A120E6500B10F76 /* BrowserPrototypeUITestsLaunchTests.swift */,
			);
			path = BrowserPrototypeUITests;
			sourceTree = "<group>";
		};
		14A6C5622A120F4400B10F76 /* BundleFiles */ = {
			isa = PBXGroup;
			children = (
				14A6C5322A120E6300B10F76 /* AppDelegate.swift */,
				14A6C5342A120E6300B10F76 /* SceneDelegate.swift */,
				14A6C53B2A120E6500B10F76 /* Assets.xcassets */,
				14A6C53D2A120E6500B10F76 /* LaunchScreen.storyboard */,
				14A6C5402A120E6500B10F76 /* Info.plist */,
			);
			path = BundleFiles;
			sourceTree = "<group>";
		};
		14A6C5662A12105600B10F76 /* Screen */ = {
			isa = PBXGroup;
			children = (
				14A6C5672A12107000B10F76 /* Home */,
				14A6C5972A1214CD00B10F76 /* History */,
			);
			path = Screen;
			sourceTree = "<group>";
		};
		14A6C5672A12107000B10F76 /* Home */ = {
			isa = PBXGroup;
			children = (
				14A6C56A2A12108A00B10F76 /* View */,
				14A6C5692A12107F00B10F76 /* Model */,
				14A6C5682A12107B00B10F76 /* ViewModel */,
			);
			path = Home;
			sourceTree = "<group>";
		};
		14A6C5682A12107B00B10F76 /* ViewModel */ = {
			isa = PBXGroup;
			children = (
				14A6C58E2A1213D100B10F76 /* HomeViewModel.swift */,
			);
			path = ViewModel;
			sourceTree = "<group>";
		};
		14A6C5692A12107F00B10F76 /* Model */ = {
			isa = PBXGroup;
			children = (
				14A6C5902A1213EE00B10F76 /* HomeBusinessRules.swift */,
				14A6C5912A1213EE00B10F76 /* HomeInputs.swift */,
			);
			path = Model;
			sourceTree = "<group>";
		};
		14A6C56A2A12108A00B10F76 /* View */ = {
			isa = PBXGroup;
			children = (
				14A6C56B2A12109C00B10F76 /* HeaderView */,
				14A6C5702A1210E600B10F76 /* HomeViewController.swift */,
			);
			path = View;
			sourceTree = "<group>";
		};
		14A6C56B2A12109C00B10F76 /* HeaderView */ = {
			isa = PBXGroup;
			children = (
				14A6C59A2A12181A00B10F76 /* HomeHeaderView.swift */,
				14A6C59C2A12182200B10F76 /* HomeHeaderView.xib */,
			);
			path = HeaderView;
			sourceTree = "<group>";
		};
		14A6C5722A12116700B10F76 /* Extension */ = {
			isa = PBXGroup;
			children = (
				14A6C5762A12119000B10F76 /* Collection+index.swift */,
				14A6C5732A12119000B10F76 /* Publisher+Extension.swift */,
				14A6C5782A12119000B10F76 /* UIColor+Extension.swift */,
				14A6C5752A12119000B10F76 /* UIControl+Combine.swift */,
				14A6C5742A12119000B10F76 /* UITextField+Publisher.swift */,
				14A6C5772A12119000B10F76 /* UIView+Extension.swift */,
				14A6C59E2A12192700B10F76 /* UITableView+Extension.swift */,
			);
			path = Extension;
			sourceTree = "<group>";
		};
		14A6C57F2A1212B200B10F76 /* Base */ = {
			isa = PBXGroup;
			children = (
				14A6C5802A1212BB00B10F76 /* View */,
				14A6C5852A12130B00B10F76 /* ViewControllerProvider.swift */,
				14A6C58C2A1213AA00B10F76 /* Constants.swift */,
			);
			path = Base;
			sourceTree = "<group>";
		};
		14A6C5802A1212BB00B10F76 /* View */ = {
			isa = PBXGroup;
			children = (
				14A6C5812A1212C800B10F76 /* NavigationBarView.swift */,
				14A6C5832A1212CF00B10F76 /* NavigationBarView.xib */,
			);
			path = View;
			sourceTree = "<group>";
		};
		14A6C5872A12132700B10F76 /* Coordinator */ = {
			isa = PBXGroup;
			children = (
				14A6C5882A12133400B10F76 /* Coordinating.swift */,
				14A6C5892A12133400B10F76 /* MainCoordinator.swift */,
			);
			path = Coordinator;
			sourceTree = "<group>";
		};
		14A6C5942A12141100B10F76 /* Manager */ = {
			isa = PBXGroup;
			children = (
				14A6C5952A12142300B10F76 /* ReachabilityManager.swift */,
				14A6C5A02A1219AF00B10F76 /* SQLiteHistoryManager.swift */,
			);
			path = Manager;
			sourceTree = "<group>";
		};
		14A6C5972A1214CD00B10F76 /* History */ = {
			isa = PBXGroup;
			children = (
				14A6C5A72A121A4F00B10F76 /* View */,
				14A6C5A62A121A4900B10F76 /* Model */,
				14A6C5A52A121A4400B10F76 /* ViewModel */,
			);
			path = History;
			sourceTree = "<group>";
		};
		14A6C5A52A121A4400B10F76 /* ViewModel */ = {
			isa = PBXGroup;
			children = (
				14A6C5A82A121A6200B10F76 /* HistoryViewModel.swift */,
			);
			path = ViewModel;
			sourceTree = "<group>";
		};
		14A6C5A62A121A4900B10F76 /* Model */ = {
			isa = PBXGroup;
			children = (
				14A6C5AA2A121A7900B10F76 /* HistoryInputs.swift */,
				14A6C5D72A12311000B10F76 /* HistoryBusinessRules.swift */,
				14A6C5AC2A121A9300B10F76 /* HistoryModel.swift */,
			);
			path = Model;
			sourceTree = "<group>";
		};
		14A6C5A72A121A4F00B10F76 /* View */ = {
			isa = PBXGroup;
			children = (
				14A6C5AE2A121AB500B10F76 /* EmptyHistory */,
				14A6C5B32A121AFE00B10F76 /* Cell */,
				14A6C5982A1214F200B10F76 /* HistoryViewController.swift */,
			);
			path = View;
			sourceTree = "<group>";
		};
		14A6C5AE2A121AB500B10F76 /* EmptyHistory */ = {
			isa = PBXGroup;
			children = (
				14A6C5AF2A121AC800B10F76 /* EpmtyHistoryView.swift */,
				14A6C5B12A121ACD00B10F76 /* EpmtyHistoryView.xib */,
			);
			path = EmptyHistory;
			sourceTree = "<group>";
		};
		14A6C5B32A121AFE00B10F76 /* Cell */ = {
			isa = PBXGroup;
			children = (
				14A6C5B42A121B1400B10F76 /* HistoryTableViewCell.swift */,
				14A6C5B52A121B1400B10F76 /* HistoryTableViewCell.xib */,
			);
			path = Cell;
			sourceTree = "<group>";
		};
		14A6C5C42A12272800B10F76 /* MockService */ = {
			isa = PBXGroup;
			children = (
				14A6C5C52A12273800B10F76 /* BaseMockService.swift */,
				14A6C5C62A12273800B10F76 /* MockHistoryListService.swift */,
			);
			path = MockService;
			sourceTree = "<group>";
		};
		14A6C5C92A12275100B10F76 /* MockFactory */ = {
			isa = PBXGroup;
			children = (
				14A6C5CB2A12275A00B10F76 /* HistoryListFactory.swift */,
				14A6C5CA2A12275A00B10F76 /* HistoryModelFactory.swift */,
			);
			path = MockFactory;
			sourceTree = "<group>";
		};
		14A6C5CE2A12277400B10F76 /* HistoryListTests */ = {
			isa = PBXGroup;
			children = (
				14A6C5CF2A1227D200B10F76 /* HistoryViewModelTests.swift */,
			);
			path = HistoryListTests;
			sourceTree = "<group>";
		};
		14A6C5D42A122D9C00B10F76 /* HomeTests */ = {
			isa = PBXGroup;
			children = (
				14A6C5D52A122DB300B10F76 /* HomeBusinessRulesTests.swift */,
				14A6C5D92A12342400B10F76 /* HomeViewModelTests.swift */,
			);
			path = HomeTests;
			sourceTree = "<group>";
		};
/* End PBXGroup section */

/* Begin PBXNativeTarget section */
		14A6C52E2A120E6300B10F76 /* BrowserPrototype */ = {
			isa = PBXNativeTarget;
			buildConfigurationList = 14A6C5592A120E6500B10F76 /* Build configuration list for PBXNativeTarget "BrowserPrototype" */;
			buildPhases = (
				14A6C52B2A120E6300B10F76 /* Sources */,
				14A6C52C2A120E6300B10F76 /* Frameworks */,
				14A6C52D2A120E6300B10F76 /* Resources */,
			);
			buildRules = (
			);
			dependencies = (
			);
			name = BrowserPrototype;
			packageProductDependencies = (
				14A6C5642A12103300B10F76 /* SnapKit */,
				14A6C5A32A1219EC00B10F76 /* SQLite */,
			);
			productName = BrowserPrototype;
			productReference = 14A6C52F2A120E6300B10F76 /* BrowserPrototype.app */;
			productType = "com.apple.product-type.application";
		};
		14A6C5442A120E6500B10F76 /* BrowserPrototypeTests */ = {
			isa = PBXNativeTarget;
			buildConfigurationList = 14A6C55C2A120E6500B10F76 /* Build configuration list for PBXNativeTarget "BrowserPrototypeTests" */;
			buildPhases = (
				14A6C5412A120E6500B10F76 /* Sources */,
				14A6C5422A120E6500B10F76 /* Frameworks */,
				14A6C5432A120E6500B10F76 /* Resources */,
			);
			buildRules = (
			);
			dependencies = (
				14A6C5472A120E6500B10F76 /* PBXTargetDependency */,
			);
			name = BrowserPrototypeTests;
			productName = BrowserPrototypeTests;
			productReference = 14A6C5452A120E6500B10F76 /* BrowserPrototypeTests.xctest */;
			productType = "com.apple.product-type.bundle.unit-test";
		};
		14A6C54E2A120E6500B10F76 /* BrowserPrototypeUITests */ = {
			isa = PBXNativeTarget;
			buildConfigurationList = 14A6C55F2A120E6500B10F76 /* Build configuration list for PBXNativeTarget "BrowserPrototypeUITests" */;
			buildPhases = (
				14A6C54B2A120E6500B10F76 /* Sources */,
				14A6C54C2A120E6500B10F76 /* Frameworks */,
				14A6C54D2A120E6500B10F76 /* Resources */,
			);
			buildRules = (
			);
			dependencies = (
				14A6C5512A120E6500B10F76 /* PBXTargetDependency */,
			);
			name = BrowserPrototypeUITests;
			productName = BrowserPrototypeUITests;
			productReference = 14A6C54F2A120E6500B10F76 /* BrowserPrototypeUITests.xctest */;
			productType = "com.apple.product-type.bundle.ui-testing";
		};
/* End PBXNativeTarget section */

/* Begin PBXProject section */
		14A6C5272A120E6300B10F76 /* Project object */ = {
			isa = PBXProject;
			attributes = {
				BuildIndependentTargetsInParallel = 1;
				LastSwiftUpdateCheck = 1420;
				LastUpgradeCheck = 1420;
				TargetAttributes = {
					14A6C52E2A120E6300B10F76 = {
						CreatedOnToolsVersion = 14.2;
					};
					14A6C5442A120E6500B10F76 = {
						CreatedOnToolsVersion = 14.2;
						LastSwiftMigration = 1420;
						TestTargetID = 14A6C52E2A120E6300B10F76;
					};
					14A6C54E2A120E6500B10F76 = {
						CreatedOnToolsVersion = 14.2;
						TestTargetID = 14A6C52E2A120E6300B10F76;
					};
				};
			};
			buildConfigurationList = 14A6C52A2A120E6300B10F76 /* Build configuration list for PBXProject "BrowserPrototype" */;
			compatibilityVersion = "Xcode 14.0";
			developmentRegion = en;
			hasScannedForEncodings = 0;
			knownRegions = (
				en,
				Base,
			);
			mainGroup = 14A6C5262A120E6300B10F76;
			packageReferences = (
				14A6C5632A12103300B10F76 /* XCRemoteSwiftPackageReference "SnapKit" */,
				14A6C5A22A1219EC00B10F76 /* XCRemoteSwiftPackageReference "SQLite.swift" */,
			);
			productRefGroup = 14A6C5302A120E6300B10F76 /* Products */;
			projectDirPath = "";
			projectRoot = "";
			targets = (
				14A6C52E2A120E6300B10F76 /* BrowserPrototype */,
				14A6C5442A120E6500B10F76 /* BrowserPrototypeTests */,
				14A6C54E2A120E6500B10F76 /* BrowserPrototypeUITests */,
			);
		};
/* End PBXProject section */

/* Begin PBXResourcesBuildPhase section */
		14A6C52D2A120E6300B10F76 /* Resources */ = {
			isa = PBXResourcesBuildPhase;
			buildActionMask = 2147483647;
			files = (
				14A6C5B22A121ACD00B10F76 /* EpmtyHistoryView.xib in Resources */,
				14A6C59D2A12182200B10F76 /* HomeHeaderView.xib in Resources */,
				14A6C53F2A120E6500B10F76 /* LaunchScreen.storyboard in Resources */,
				14A6C5842A1212CF00B10F76 /* NavigationBarView.xib in Resources */,
				14A6C5B72A121B1400B10F76 /* HistoryTableViewCell.xib in Resources */,
				14A6C53C2A120E6500B10F76 /* Assets.xcassets in Resources */,
			);
			runOnlyForDeploymentPostprocessing = 0;
		};
		14A6C5432A120E6500B10F76 /* Resources */ = {
			isa = PBXResourcesBuildPhase;
			buildActionMask = 2147483647;
			files = (
			);
			runOnlyForDeploymentPostprocessing = 0;
		};
		14A6C54D2A120E6500B10F76 /* Resources */ = {
			isa = PBXResourcesBuildPhase;
			buildActionMask = 2147483647;
			files = (
			);
			runOnlyForDeploymentPostprocessing = 0;
		};
/* End PBXResourcesBuildPhase section */

/* Begin PBXSourcesBuildPhase section */
		14A6C52B2A120E6300B10F76 /* Sources */ = {
			isa = PBXSourcesBuildPhase;
			buildActionMask = 2147483647;
			files = (
				14A6C57B2A12127A00B10F76 /* UIColor+Extension.swift in Sources */,
				14A6C5962A12142300B10F76 /* ReachabilityManager.swift in Sources */,
				14A6C59F2A12192700B10F76 /* UITableView+Extension.swift in Sources */,
				14A6C58B2A12133400B10F76 /* MainCoordinator.swift in Sources */,
				14A6C5A92A121A6200B10F76 /* HistoryViewModel.swift in Sources */,
				14A6C5992A1214F200B10F76 /* HistoryViewController.swift in Sources */,
				14A6C57C2A12127C00B10F76 /* UIControl+Combine.swift in Sources */,
				14A6C58F2A1213D100B10F76 /* HomeViewModel.swift in Sources */,
				14A6C5822A1212C800B10F76 /* NavigationBarView.swift in Sources */,
				14A6C5332A120E6300B10F76 /* AppDelegate.swift in Sources */,
				14A6C5932A12140700B10F76 /* HomeBusinessRules.swift in Sources */,
				14A6C58D2A1213AA00B10F76 /* Constants.swift in Sources */,
				14A6C57D2A12127F00B10F76 /* UITextField+Publisher.swift in Sources */,
				14A6C5792A12119400B10F76 /* Collection+index.swift in Sources */,
				14A6C5D82A12311000B10F76 /* HistoryBusinessRules.swift in Sources */,
				14A6C5352A120E6300B10F76 /* SceneDelegate.swift in Sources */,
				14A6C5B02A121AC800B10F76 /* EpmtyHistoryView.swift in Sources */,
				14A6C5A12A1219AF00B10F76 /* SQLiteHistoryManager.swift in Sources */,
				14A6C5AD2A121A9300B10F76 /* HistoryModel.swift in Sources */,
				14A6C5B62A121B1400B10F76 /* HistoryTableViewCell.swift in Sources */,
				14A6C57A2A12127700B10F76 /* Publisher+Extension.swift in Sources */,
				14A6C5862A12130B00B10F76 /* ViewControllerProvider.swift in Sources */,
				14A6C5922A12140300B10F76 /* HomeInputs.swift in Sources */,
				14A6C5AB2A121A7900B10F76 /* HistoryInputs.swift in Sources */,
				14A6C59B2A12181A00B10F76 /* HomeHeaderView.swift in Sources */,
				14A6C57E2A12128200B10F76 /* UIView+Extension.swift in Sources */,
				14A6C58A2A12133400B10F76 /* Coordinating.swift in Sources */,
				14A6C5712A1210E600B10F76 /* HomeViewController.swift in Sources */,
			);
			runOnlyForDeploymentPostprocessing = 0;
		};
		14A6C5412A120E6500B10F76 /* Sources */ = {
			isa = PBXSourcesBuildPhase;
			buildActionMask = 2147483647;
			files = (
				14A6C5C82A12273800B10F76 /* MockHistoryListService.swift in Sources */,
				14A6C5D12A122AEB00B10F76 /* HistoryViewModelTests.swift in Sources */,
				14A6C5C72A12273800B10F76 /* BaseMockService.swift in Sources */,
				14A6C5DA2A12342400B10F76 /* HomeViewModelTests.swift in Sources */,
				14A6C5CC2A12276000B10F76 /* HistoryListFactory.swift in Sources */,
				14A6C5CD2A12276400B10F76 /* HistoryModelFactory.swift in Sources */,
				14A6C5D62A122DB300B10F76 /* HomeBusinessRulesTests.swift in Sources */,
			);
			runOnlyForDeploymentPostprocessing = 0;
		};
		14A6C54B2A120E6500B10F76 /* Sources */ = {
			isa = PBXSourcesBuildPhase;
			buildActionMask = 2147483647;
			files = (
				14A6C5562A120E6500B10F76 /* BrowserPrototypeUITestsLaunchTests.swift in Sources */,
				14A6C5542A120E6500B10F76 /* BrowserPrototypeUITests.swift in Sources */,
			);
			runOnlyForDeploymentPostprocessing = 0;
		};
/* End PBXSourcesBuildPhase section */

/* Begin PBXTargetDependency section */
		14A6C5472A120E6500B10F76 /* PBXTargetDependency */ = {
			isa = PBXTargetDependency;
			target = 14A6C52E2A120E6300B10F76 /* BrowserPrototype */;
			targetProxy = 14A6C5462A120E6500B10F76 /* PBXContainerItemProxy */;
		};
		14A6C5512A120E6500B10F76 /* PBXTargetDependency */ = {
			isa = PBXTargetDependency;
			target = 14A6C52E2A120E6300B10F76 /* BrowserPrototype */;
			targetProxy = 14A6C5502A120E6500B10F76 /* PBXContainerItemProxy */;
		};
/* End PBXTargetDependency section */

/* Begin PBXVariantGroup section */
		14A6C53D2A120E6500B10F76 /* LaunchScreen.storyboard */ = {
			isa = PBXVariantGroup;
			children = (
				14A6C53E2A120E6500B10F76 /* Base */,
			);
			name = LaunchScreen.storyboard;
			sourceTree = "<group>";
		};
/* End PBXVariantGroup section */

/* Begin XCBuildConfiguration section */
		14A6C5572A120E6500B10F76 /* Debug */ = {
			isa = XCBuildConfiguration;
			buildSettings = {
				ALWAYS_SEARCH_USER_PATHS = NO;
				CLANG_ANALYZER_NONNULL = YES;
				CLANG_ANALYZER_NUMBER_OBJECT_CONVERSION = YES_AGGRESSIVE;
				CLANG_CXX_LANGUAGE_STANDARD = "gnu++20";
				CLANG_ENABLE_MODULES = YES;
				CLANG_ENABLE_OBJC_ARC = YES;
				CLANG_ENABLE_OBJC_WEAK = YES;
				CLANG_WARN_BLOCK_CAPTURE_AUTORELEASING = YES;
				CLANG_WARN_BOOL_CONVERSION = YES;
				CLANG_WARN_COMMA = YES;
				CLANG_WARN_CONSTANT_CONVERSION = YES;
				CLANG_WARN_DEPRECATED_OBJC_IMPLEMENTATIONS = YES;
				CLANG_WARN_DIRECT_OBJC_ISA_USAGE = YES_ERROR;
				CLANG_WARN_DOCUMENTATION_COMMENTS = YES;
				CLANG_WARN_EMPTY_BODY = YES;
				CLANG_WARN_ENUM_CONVERSION = YES;
				CLANG_WARN_INFINITE_RECURSION = YES;
				CLANG_WARN_INT_CONVERSION = YES;
				CLANG_WARN_NON_LITERAL_NULL_CONVERSION = YES;
				CLANG_WARN_OBJC_IMPLICIT_RETAIN_SELF = YES;
				CLANG_WARN_OBJC_LITERAL_CONVERSION = YES;
				CLANG_WARN_OBJC_ROOT_CLASS = YES_ERROR;
				CLANG_WARN_QUOTED_INCLUDE_IN_FRAMEWORK_HEADER = YES;
				CLANG_WARN_RANGE_LOOP_ANALYSIS = YES;
				CLANG_WARN_STRICT_PROTOTYPES = YES;
				CLANG_WARN_SUSPICIOUS_MOVE = YES;
				CLANG_WARN_UNGUARDED_AVAILABILITY = YES_AGGRESSIVE;
				CLANG_WARN_UNREACHABLE_CODE = YES;
				CLANG_WARN__DUPLICATE_METHOD_MATCH = YES;
				COPY_PHASE_STRIP = NO;
				DEBUG_INFORMATION_FORMAT = dwarf;
				ENABLE_STRICT_OBJC_MSGSEND = YES;
				ENABLE_TESTABILITY = YES;
				GCC_C_LANGUAGE_STANDARD = gnu11;
				GCC_DYNAMIC_NO_PIC = NO;
				GCC_NO_COMMON_BLOCKS = YES;
				GCC_OPTIMIZATION_LEVEL = 0;
				GCC_PREPROCESSOR_DEFINITIONS = (
					"DEBUG=1",
					"$(inherited)",
				);
				GCC_WARN_64_TO_32_BIT_CONVERSION = YES;
				GCC_WARN_ABOUT_RETURN_TYPE = YES_ERROR;
				GCC_WARN_UNDECLARED_SELECTOR = YES;
				GCC_WARN_UNINITIALIZED_AUTOS = YES_AGGRESSIVE;
				GCC_WARN_UNUSED_FUNCTION = YES;
				GCC_WARN_UNUSED_VARIABLE = YES;
				IPHONEOS_DEPLOYMENT_TARGET = 16.2;
				MTL_ENABLE_DEBUG_INFO = INCLUDE_SOURCE;
				MTL_FAST_MATH = YES;
				ONLY_ACTIVE_ARCH = YES;
				SDKROOT = iphoneos;
				SWIFT_ACTIVE_COMPILATION_CONDITIONS = DEBUG;
				SWIFT_OPTIMIZATION_LEVEL = "-Onone";
			};
			name = Debug;
		};
		14A6C5582A120E6500B10F76 /* Release */ = {
			isa = XCBuildConfiguration;
			buildSettings = {
				ALWAYS_SEARCH_USER_PATHS = NO;
				CLANG_ANALYZER_NONNULL = YES;
				CLANG_ANALYZER_NUMBER_OBJECT_CONVERSION = YES_AGGRESSIVE;
				CLANG_CXX_LANGUAGE_STANDARD = "gnu++20";
				CLANG_ENABLE_MODULES = YES;
				CLANG_ENABLE_OBJC_ARC = YES;
				CLANG_ENABLE_OBJC_WEAK = YES;
				CLANG_WARN_BLOCK_CAPTURE_AUTORELEASING = YES;
				CLANG_WARN_BOOL_CONVERSION = YES;
				CLANG_WARN_COMMA = YES;
				CLANG_WARN_CONSTANT_CONVERSION = YES;
				CLANG_WARN_DEPRECATED_OBJC_IMPLEMENTATIONS = YES;
				CLANG_WARN_DIRECT_OBJC_ISA_USAGE = YES_ERROR;
				CLANG_WARN_DOCUMENTATION_COMMENTS = YES;
				CLANG_WARN_EMPTY_BODY = YES;
				CLANG_WARN_ENUM_CONVERSION = YES;
				CLANG_WARN_INFINITE_RECURSION = YES;
				CLANG_WARN_INT_CONVERSION = YES;
				CLANG_WARN_NON_LITERAL_NULL_CONVERSION = YES;
				CLANG_WARN_OBJC_IMPLICIT_RETAIN_SELF = YES;
				CLANG_WARN_OBJC_LITERAL_CONVERSION = YES;
				CLANG_WARN_OBJC_ROOT_CLASS = YES_ERROR;
				CLANG_WARN_QUOTED_INCLUDE_IN_FRAMEWORK_HEADER = YES;
				CLANG_WARN_RANGE_LOOP_ANALYSIS = YES;
				CLANG_WARN_STRICT_PROTOTYPES = YES;
				CLANG_WARN_SUSPICIOUS_MOVE = YES;
				CLANG_WARN_UNGUARDED_AVAILABILITY = YES_AGGRESSIVE;
				CLANG_WARN_UNREACHABLE_CODE = YES;
				CLANG_WARN__DUPLICATE_METHOD_MATCH = YES;
				COPY_PHASE_STRIP = NO;
				DEBUG_INFORMATION_FORMAT = "dwarf-with-dsym";
				ENABLE_NS_ASSERTIONS = NO;
				ENABLE_STRICT_OBJC_MSGSEND = YES;
				GCC_C_LANGUAGE_STANDARD = gnu11;
				GCC_NO_COMMON_BLOCKS = YES;
				GCC_WARN_64_TO_32_BIT_CONVERSION = YES;
				GCC_WARN_ABOUT_RETURN_TYPE = YES_ERROR;
				GCC_WARN_UNDECLARED_SELECTOR = YES;
				GCC_WARN_UNINITIALIZED_AUTOS = YES_AGGRESSIVE;
				GCC_WARN_UNUSED_FUNCTION = YES;
				GCC_WARN_UNUSED_VARIABLE = YES;
				IPHONEOS_DEPLOYMENT_TARGET = 16.2;
				MTL_ENABLE_DEBUG_INFO = NO;
				MTL_FAST_MATH = YES;
				SDKROOT = iphoneos;
				SWIFT_COMPILATION_MODE = wholemodule;
				SWIFT_OPTIMIZATION_LEVEL = "-O";
				VALIDATE_PRODUCT = YES;
			};
			name = Release;
		};
		14A6C55A2A120E6500B10F76 /* Debug */ = {
			isa = XCBuildConfiguration;
			buildSettings = {
				ASSETCATALOG_COMPILER_APPICON_NAME = AppIcon;
				ASSETCATALOG_COMPILER_GLOBAL_ACCENT_COLOR_NAME = AccentColor;
				CODE_SIGN_STYLE = Automatic;
				CURRENT_PROJECT_VERSION = 1;
				DEVELOPMENT_TEAM = 3LD82R5CD8;
				GENERATE_INFOPLIST_FILE = YES;
				INFOPLIST_FILE = BrowserPrototype/BundleFiles/Info.plist;
				INFOPLIST_KEY_UIApplicationSupportsIndirectInputEvents = YES;
				INFOPLIST_KEY_UILaunchStoryboardName = LaunchScreen;
				INFOPLIST_KEY_UISupportedInterfaceOrientations_iPad = "UIInterfaceOrientationPortrait UIInterfaceOrientationPortraitUpsideDown UIInterfaceOrientationLandscapeLeft UIInterfaceOrientationLandscapeRight";
				INFOPLIST_KEY_UISupportedInterfaceOrientations_iPhone = "UIInterfaceOrientationPortrait UIInterfaceOrientationLandscapeLeft UIInterfaceOrientationLandscapeRight";
				LD_RUNPATH_SEARCH_PATHS = (
					"$(inherited)",
					"@executable_path/Frameworks",
				);
				MARKETING_VERSION = 1.0;
				PRODUCT_BUNDLE_IDENTIFIER = com.karapp.BrowserPrototype;
				PRODUCT_NAME = "$(TARGET_NAME)";
				SWIFT_EMIT_LOC_STRINGS = YES;
				SWIFT_VERSION = 5.0;
				TARGETED_DEVICE_FAMILY = "1,2";
			};
			name = Debug;
		};
		14A6C55B2A120E6500B10F76 /* Release */ = {
			isa = XCBuildConfiguration;
			buildSettings = {
				ASSETCATALOG_COMPILER_APPICON_NAME = AppIcon;
				ASSETCATALOG_COMPILER_GLOBAL_ACCENT_COLOR_NAME = AccentColor;
				CODE_SIGN_STYLE = Automatic;
				CURRENT_PROJECT_VERSION = 1;
				DEVELOPMENT_TEAM = 3LD82R5CD8;
				GENERATE_INFOPLIST_FILE = YES;
				INFOPLIST_FILE = BrowserPrototype/BundleFiles/Info.plist;
				INFOPLIST_KEY_UIApplicationSupportsIndirectInputEvents = YES;
				INFOPLIST_KEY_UILaunchStoryboardName = LaunchScreen;
				INFOPLIST_KEY_UISupportedInterfaceOrientations_iPad = "UIInterfaceOrientationPortrait UIInterfaceOrientationPortraitUpsideDown UIInterfaceOrientationLandscapeLeft UIInterfaceOrientationLandscapeRight";
				INFOPLIST_KEY_UISupportedInterfaceOrientations_iPhone = "UIInterfaceOrientationPortrait UIInterfaceOrientationLandscapeLeft UIInterfaceOrientationLandscapeRight";
				LD_RUNPATH_SEARCH_PATHS = (
					"$(inherited)",
					"@executable_path/Frameworks",
				);
				MARKETING_VERSION = 1.0;
				PRODUCT_BUNDLE_IDENTIFIER = com.karapp.BrowserPrototype;
				PRODUCT_NAME = "$(TARGET_NAME)";
				SWIFT_EMIT_LOC_STRINGS = YES;
				SWIFT_VERSION = 5.0;
				TARGETED_DEVICE_FAMILY = "1,2";
			};
			name = Release;
		};
		14A6C55D2A120E6500B10F76 /* Debug */ = {
			isa = XCBuildConfiguration;
			buildSettings = {
				ALWAYS_EMBED_SWIFT_STANDARD_LIBRARIES = YES;
				BUNDLE_LOADER = "$(TEST_HOST)";
				CLANG_ENABLE_MODULES = YES;
				CODE_SIGN_STYLE = Automatic;
				CURRENT_PROJECT_VERSION = 1;
				DEVELOPMENT_TEAM = 3LD82R5CD8;
				GENERATE_INFOPLIST_FILE = YES;
				IPHONEOS_DEPLOYMENT_TARGET = 16.2;
				LD_RUNPATH_SEARCH_PATHS = (
					"$(inherited)",
					"@executable_path/Frameworks",
					"@loader_path/Frameworks",
				);
				MARKETING_VERSION = 1.0;
				PRODUCT_BUNDLE_IDENTIFIER = com.karapp.BrowserPrototypeTests;
				PRODUCT_NAME = "$(TARGET_NAME)";
				SWIFT_EMIT_LOC_STRINGS = NO;
				SWIFT_OPTIMIZATION_LEVEL = "-Onone";
				SWIFT_VERSION = 5.0;
				TARGETED_DEVICE_FAMILY = "1,2";
				TEST_HOST = "$(BUILT_PRODUCTS_DIR)/BrowserPrototype.app/$(BUNDLE_EXECUTABLE_FOLDER_PATH)/BrowserPrototype";
			};
			name = Debug;
		};
		14A6C55E2A120E6500B10F76 /* Release */ = {
			isa = XCBuildConfiguration;
			buildSettings = {
				ALWAYS_EMBED_SWIFT_STANDARD_LIBRARIES = YES;
				BUNDLE_LOADER = "$(TEST_HOST)";
				CLANG_ENABLE_MODULES = YES;
				CODE_SIGN_STYLE = Automatic;
				CURRENT_PROJECT_VERSION = 1;
				DEVELOPMENT_TEAM = 3LD82R5CD8;
				GENERATE_INFOPLIST_FILE = YES;
				IPHONEOS_DEPLOYMENT_TARGET = 16.2;
				LD_RUNPATH_SEARCH_PATHS = (
					"$(inherited)",
					"@executable_path/Frameworks",
					"@loader_path/Frameworks",
				);
				MARKETING_VERSION = 1.0;
				PRODUCT_BUNDLE_IDENTIFIER = com.karapp.BrowserPrototypeTests;
				PRODUCT_NAME = "$(TARGET_NAME)";
				SWIFT_EMIT_LOC_STRINGS = NO;
				SWIFT_VERSION = 5.0;
				TARGETED_DEVICE_FAMILY = "1,2";
				TEST_HOST = "$(BUILT_PRODUCTS_DIR)/BrowserPrototype.app/$(BUNDLE_EXECUTABLE_FOLDER_PATH)/BrowserPrototype";
			};
			name = Release;
		};
		14A6C5602A120E6500B10F76 /* Debug */ = {
			isa = XCBuildConfiguration;
			buildSettings = {
				ALWAYS_EMBED_SWIFT_STANDARD_LIBRARIES = YES;
				CODE_SIGN_STYLE = Automatic;
				CURRENT_PROJECT_VERSION = 1;
				DEVELOPMENT_TEAM = 3LD82R5CD8;
				GENERATE_INFOPLIST_FILE = YES;
				MARKETING_VERSION = 1.0;
				PRODUCT_BUNDLE_IDENTIFIER = com.karapp.BrowserPrototypeUITests;
				PRODUCT_NAME = "$(TARGET_NAME)";
				SWIFT_EMIT_LOC_STRINGS = NO;
				SWIFT_VERSION = 5.0;
				TARGETED_DEVICE_FAMILY = "1,2";
				TEST_TARGET_NAME = BrowserPrototype;
			};
			name = Debug;
		};
		14A6C5612A120E6500B10F76 /* Release */ = {
			isa = XCBuildConfiguration;
			buildSettings = {
				ALWAYS_EMBED_SWIFT_STANDARD_LIBRARIES = YES;
				CODE_SIGN_STYLE = Automatic;
				CURRENT_PROJECT_VERSION = 1;
				DEVELOPMENT_TEAM = 3LD82R5CD8;
				GENERATE_INFOPLIST_FILE = YES;
				MARKETING_VERSION = 1.0;
				PRODUCT_BUNDLE_IDENTIFIER = com.karapp.BrowserPrototypeUITests;
				PRODUCT_NAME = "$(TARGET_NAME)";
				SWIFT_EMIT_LOC_STRINGS = NO;
				SWIFT_VERSION = 5.0;
				TARGETED_DEVICE_FAMILY = "1,2";
				TEST_TARGET_NAME = BrowserPrototype;
			};
			name = Release;
		};
/* End XCBuildConfiguration section */

/* Begin XCConfigurationList section */
		14A6C52A2A120E6300B10F76 /* Build configuration list for PBXProject "BrowserPrototype" */ = {
			isa = XCConfigurationList;
			buildConfigurations = (
				14A6C5572A120E6500B10F76 /* Debug */,
				14A6C5582A120E6500B10F76 /* Release */,
			);
			defaultConfigurationIsVisible = 0;
			defaultConfigurationName = Release;
		};
		14A6C5592A120E6500B10F76 /* Build configuration list for PBXNativeTarget "BrowserPrototype" */ = {
			isa = XCConfigurationList;
			buildConfigurations = (
				14A6C55A2A120E6500B10F76 /* Debug */,
				14A6C55B2A120E6500B10F76 /* Release */,
			);
			defaultConfigurationIsVisible = 0;
			defaultConfigurationName = Release;
		};
		14A6C55C2A120E6500B10F76 /* Build configuration list for PBXNativeTarget "BrowserPrototypeTests" */ = {
			isa = XCConfigurationList;
			buildConfigurations = (
				14A6C55D2A120E6500B10F76 /* Debug */,
				14A6C55E2A120E6500B10F76 /* Release */,
			);
			defaultConfigurationIsVisible = 0;
			defaultConfigurationName = Release;
		};
		14A6C55F2A120E6500B10F76 /* Build configuration list for PBXNativeTarget "BrowserPrototypeUITests" */ = {
			isa = XCConfigurationList;
			buildConfigurations = (
				14A6C5602A120E6500B10F76 /* Debug */,
				14A6C5612A120E6500B10F76 /* Release */,
			);
			defaultConfigurationIsVisible = 0;
			defaultConfigurationName = Release;
		};
/* End XCConfigurationList section */

/* Begin XCRemoteSwiftPackageReference section */
		14A6C5632A12103300B10F76 /* XCRemoteSwiftPackageReference "SnapKit" */ = {
			isa = XCRemoteSwiftPackageReference;
			repositoryURL = "https://github.com/SnapKit/SnapKit";
			requirement = {
				branch = develop;
				kind = branch;
			};
		};
		14A6C5A22A1219EC00B10F76 /* XCRemoteSwiftPackageReference "SQLite.swift" */ = {
			isa = XCRemoteSwiftPackageReference;
			repositoryURL = "https://github.com/stephencelis/SQLite.swift.git";
			requirement = {
				branch = master;
				kind = branch;
			};
		};
/* End XCRemoteSwiftPackageReference section */

/* Begin XCSwiftPackageProductDependency section */
		14A6C5642A12103300B10F76 /* SnapKit */ = {
			isa = XCSwiftPackageProductDependency;
			package = 14A6C5632A12103300B10F76 /* XCRemoteSwiftPackageReference "SnapKit" */;
			productName = SnapKit;
		};
		14A6C5A32A1219EC00B10F76 /* SQLite */ = {
			isa = XCSwiftPackageProductDependency;
			package = 14A6C5A22A1219EC00B10F76 /* XCRemoteSwiftPackageReference "SQLite.swift" */;
			productName = SQLite;
		};
/* End XCSwiftPackageProductDependency section */
	};
	rootObject = 14A6C5272A120E6300B10F76 /* Project object */;
}
